
Microsoft Visual Studio Solution File, Format Version 10.00
# Visual Studio 2008
Project("{8BC9CEB8-8B4A-11D0-8D11-00A0C91BC942}") = "HR", "HR.vcproj", "{EFB0D81C-B479-4CA0-9F37-192CC9A569AF}"
EndProject
Global
	GlobalSection(SolutionConfigurationPlatforms) = preSolution
		Debug|Win32 = Debug|Win32
		Release|Win32 = Release|Win32
	EndGlobalSection
	GlobalSection(ProjectConfigurationPlatforms) = postSolution
		{EFB0D81C-B479-4CA0-9F37-192CC9A569AF}.Debug|Win32.ActiveCfg = Debug|Win32
		{EFB0D81C-B479-4CA0-9F37-192CC9A569AF}.Debug|Win32.Build.0 = Debug|Win32
		{EFB0D81C-B479-4CA0-9F37-192CC9A569AF}.Release|Win32.ActiveCfg = Release|Win32
		{EFB0D81C-B479-4CA0-9F37-192CC9A569AF}.Release|Win32.Build.0 = Release|Win32
	EndGlobalSection
	GlobalSection(SolutionProperties) = preSolution
		HideSolutionNode = FALSE
	EndGlobalSection
EndGlobal
